
Microsoft Visual Studio Solution File, Format Version 12.00
# Visual Studio Version 16
VisualStudioVersion = 16.0.30225.117
MinimumVisualStudioVersion = 10.0.40219.1
Project("{FAE04EC0-301F-11D3-BF4B-00C04F79EFBC}") = "GroupProject", "GroupProject\GroupProject.csproj", "{DFE56C78-C6C3-48EF-924A-83665F48D709}"
EndProject
Global
	GlobalSection(SolutionConfigurationPlatforms) = preSolution
		Debug|Any CPU = Debug|Any CPU
		Release|Any CPU = Release|Any CPU
	EndGlobalSection
	GlobalSection(ProjectConfigurationPlatforms) = postSolution
		{DFE56C78-C6C3-48EF-924A-83665F48D709}.Debug|Any CPU.ActiveCfg = Debug|Any CPU
		{DFE56C78-C6C3-48EF-924A-83665F48D709}.Debug|Any CPU.Build.0 = Debug|Any CPU
		{DFE56C78-C6C3-48EF-924A-83665F48D709}.Release|Any CPU.ActiveCfg = Release|Any CPU
		{DFE56C78-C6C3-48EF-924A-83665F48D709}.Release|Any CPU.Build.0 = Release|Any CPU
	EndGlobalSection
	GlobalSection(SolutionProperties) = preSolution
		HideSolutionNode = FALSE
	EndGlobalSection
	GlobalSection(ExtensibilityGlobals) = postSolution
		SolutionGuid = {F9A3C5DA-AFB9-4767-9622-8426361C8B5A}
	EndGlobalSection
EndGlobal
